// !$*UTF8*$!
{
	archiveVersion = 1;
	classes = {
	};
	objectVersion = 56;
	objects = {

/* Begin PBXBuildFile section */
		78BA9F6C298DF3C500F24C3F /* AppDelegate.swift in Sources */ = {isa = PBXBuildFile; fileRef = 78BA9F6B298DF3C500F24C3F /* AppDelegate.swift */; };
		78BA9F6E298DF3C500F24C3F /* SceneDelegate.swift in Sources */ = {isa = PBXBuildFile; fileRef = 78BA9F6D298DF3C500F24C3F /* SceneDelegate.swift */; };
		78BA9F75298DF3C500F24C3F /* Assets.xcassets in Resources */ = {isa = PBXBuildFile; fileRef = 78BA9F74298DF3C500F24C3F /* Assets.xcassets */; };
		78BA9F78298DF3C500F24C3F /* LaunchScreen.storyboard in Resources */ = {isa = PBXBuildFile; fileRef = 78BA9F76298DF3C500F24C3F /* LaunchScreen.storyboard */; };
		78BA9F81298DF4F000F24C3F /* Builder.swift in Sources */ = {isa = PBXBuildFile; fileRef = 78BA9F80298DF4F000F24C3F /* Builder.swift */; };
		78BA9F95298DF75C00F24C3F /* NewsListViewController.swift in Sources */ = {isa = PBXBuildFile; fileRef = 78BA9F94298DF75C00F24C3F /* NewsListViewController.swift */; };
		78BA9F97298DF78700F24C3F /* NewsListTableViewCell.swift in Sources */ = {isa = PBXBuildFile; fileRef = 78BA9F96298DF78700F24C3F /* NewsListTableViewCell.swift */; };
		78BA9F99298DF7B100F24C3F /* NewsDetailsViewController.swift in Sources */ = {isa = PBXBuildFile; fileRef = 78BA9F98298DF7B100F24C3F /* NewsDetailsViewController.swift */; };
		78BA9F9B298DF7D400F24C3F /* WebKitViewController.swift in Sources */ = {isa = PBXBuildFile; fileRef = 78BA9F9A298DF7D400F24C3F /* WebKitViewController.swift */; };
		78BA9F9D298DFA6800F24C3F /* ModelBuilder.swift in Sources */ = {isa = PBXBuildFile; fileRef = 78BA9F9C298DFA6800F24C3F /* ModelBuilder.swift */; };
		78BA9F9F298DFD6F00F24C3F /* NewsModel.swift in Sources */ = {isa = PBXBuildFile; fileRef = 78BA9F9E298DFD6F00F24C3F /* NewsModel.swift */; };
		78BA9FA1298DFFF700F24C3F /* NewsListViewModelProtocol.swift in Sources */ = {isa = PBXBuildFile; fileRef = 78BA9FA0298DFFF700F24C3F /* NewsListViewModelProtocol.swift */; };
		78BA9FA3298E000A00F24C3F /* NewsListCellViewModelProtocol.swift in Sources */ = {isa = PBXBuildFile; fileRef = 78BA9FA2298E000A00F24C3F /* NewsListCellViewModelProtocol.swift */; };
		78BA9FA5298E016F00F24C3F /* NewsListViewModel.swift in Sources */ = {isa = PBXBuildFile; fileRef = 78BA9FA4298E016F00F24C3F /* NewsListViewModel.swift */; };
		78BA9FA7298E019B00F24C3F /* NewsListCellViewModel.swift in Sources */ = {isa = PBXBuildFile; fileRef = 78BA9FA6298E019B00F24C3F /* NewsListCellViewModel.swift */; };
		78BA9FA9298E088800F24C3F /* NewsDetailsViewModel.swift in Sources */ = {isa = PBXBuildFile; fileRef = 78BA9FA8298E088800F24C3F /* NewsDetailsViewModel.swift */; };
		78BA9FAB298E08AB00F24C3F /* NewsDetailsViewModelProtocol.swift in Sources */ = {isa = PBXBuildFile; fileRef = 78BA9FAA298E08AB00F24C3F /* NewsDetailsViewModelProtocol.swift */; };
		78BA9FAD298E09E200F24C3F /* NewsListViewController+extension.swift in Sources */ = {isa = PBXBuildFile; fileRef = 78BA9FAC298E09E200F24C3F /* NewsListViewController+extension.swift */; };
		78BA9FB1298E276300F24C3F /* NetworkService.swift in Sources */ = {isa = PBXBuildFile; fileRef = 78BA9FB0298E276300F24C3F /* NetworkService.swift */; };
		78BA9FB3298E27B300F24C3F /* OnMain.swift in Sources */ = {isa = PBXBuildFile; fileRef = 78BA9FB2298E27B300F24C3F /* OnMain.swift */; };
		78BA9FB5298E380E00F24C3F /* Article.swift in Sources */ = {isa = PBXBuildFile; fileRef = 78BA9FB4298E380E00F24C3F /* Article.swift */; };
		78BA9FBD298F52D900F24C3F /* StartViewController.swift in Sources */ = {isa = PBXBuildFile; fileRef = 78BA9FBC298F52D900F24C3F /* StartViewController.swift */; };
		78BA9FC2298F54DB00F24C3F /* StartViewModel.swift in Sources */ = {isa = PBXBuildFile; fileRef = 78BA9FC1298F54DB00F24C3F /* StartViewModel.swift */; };
		78BA9FC4298F949F00F24C3F /* UserDefaults+extension.swift in Sources */ = {isa = PBXBuildFile; fileRef = 78BA9FC3298F949F00F24C3F /* UserDefaults+extension.swift */; };
/* End PBXBuildFile section */

/* Begin PBXFileReference section */
		78BA9F68298DF3C500F24C3F /* intro-lab-mdzom.app */ = {isa = PBXFileReference; explicitFileType = wrapper.application; includeInIndex = 0; path = "intro-lab-mdzom.app"; sourceTree = BUILT_PRODUCTS_DIR; };
		78BA9F6B298DF3C500F24C3F /* AppDelegate.swift */ = {isa = PBXFileReference; lastKnownFileType = sourcecode.swift; path = AppDelegate.swift; sourceTree = "<group>"; };
		78BA9F6D298DF3C500F24C3F /* SceneDelegate.swift */ = {isa = PBXFileReference; lastKnownFileType = sourcecode.swift; path = SceneDelegate.swift; sourceTree = "<group>"; };
		78BA9F74298DF3C500F24C3F /* Assets.xcassets */ = {isa = PBXFileReference; lastKnownFileType = folder.assetcatalog; path = Assets.xcassets; sourceTree = "<group>"; };
		78BA9F77298DF3C500F24C3F /* Base */ = {isa = PBXFileReference; lastKnownFileType = file.storyboard; name = Base; path = Base.lproj/LaunchScreen.storyboard; sourceTree = "<group>"; };
		78BA9F79298DF3C500F24C3F /* Info.plist */ = {isa = PBXFileReference; lastKnownFileType = text.plist.xml; path = Info.plist; sourceTree = "<group>"; };
		78BA9F80298DF4F000F24C3F /* Builder.swift */ = {isa = PBXFileReference; lastKnownFileType = sourcecode.swift; path = Builder.swift; sourceTree = "<group>"; };
		78BA9F94298DF75C00F24C3F /* NewsListViewController.swift */ = {isa = PBXFileReference; lastKnownFileType = sourcecode.swift; path = NewsListViewController.swift; sourceTree = "<group>"; };
		78BA9F96298DF78700F24C3F /* NewsListTableViewCell.swift */ = {isa = PBXFileReference; lastKnownFileType = sourcecode.swift; path = NewsListTableViewCell.swift; sourceTree = "<group>"; };
		78BA9F98298DF7B100F24C3F /* NewsDetailsViewController.swift */ = {isa = PBXFileReference; lastKnownFileType = sourcecode.swift; path = NewsDetailsViewController.swift; sourceTree = "<group>"; };
		78BA9F9A298DF7D400F24C3F /* WebKitViewController.swift */ = {isa = PBXFileReference; lastKnownFileType = sourcecode.swift; path = WebKitViewController.swift; sourceTree = "<group>"; };
		78BA9F9C298DFA6800F24C3F /* ModelBuilder.swift */ = {isa = PBXFileReference; lastKnownFileType = sourcecode.swift; path = ModelBuilder.swift; sourceTree = "<group>"; };
		78BA9F9E298DFD6F00F24C3F /* NewsModel.swift */ = {isa = PBXFileReference; lastKnownFileType = sourcecode.swift; path = NewsModel.swift; sourceTree = "<group>"; };
		78BA9FA0298DFFF700F24C3F /* NewsListViewModelProtocol.swift */ = {isa = PBXFileReference; lastKnownFileType = sourcecode.swift; path = NewsListViewModelProtocol.swift; sourceTree = "<group>"; };
		78BA9FA2298E000A00F24C3F /* NewsListCellViewModelProtocol.swift */ = {isa = PBXFileReference; lastKnownFileType = sourcecode.swift; path = NewsListCellViewModelProtocol.swift; sourceTree = "<group>"; };
		78BA9FA4298E016F00F24C3F /* NewsListViewModel.swift */ = {isa = PBXFileReference; lastKnownFileType = sourcecode.swift; path = NewsListViewModel.swift; sourceTree = "<group>"; };
		78BA9FA6298E019B00F24C3F /* NewsListCellViewModel.swift */ = {isa = PBXFileReference; lastKnownFileType = sourcecode.swift; path = NewsListCellViewModel.swift; sourceTree = "<group>"; };
		78BA9FA8298E088800F24C3F /* NewsDetailsViewModel.swift */ = {isa = PBXFileReference; lastKnownFileType = sourcecode.swift; path = NewsDetailsViewModel.swift; sourceTree = "<group>"; };
		78BA9FAA298E08AB00F24C3F /* NewsDetailsViewModelProtocol.swift */ = {isa = PBXFileReference; lastKnownFileType = sourcecode.swift; path = NewsDetailsViewModelProtocol.swift; sourceTree = "<group>"; };
		78BA9FAC298E09E200F24C3F /* NewsListViewController+extension.swift */ = {isa = PBXFileReference; lastKnownFileType = sourcecode.swift; path = "NewsListViewController+extension.swift"; sourceTree = "<group>"; };
		78BA9FB0298E276300F24C3F /* NetworkService.swift */ = {isa = PBXFileReference; lastKnownFileType = sourcecode.swift; path = NetworkService.swift; sourceTree = "<group>"; };
		78BA9FB2298E27B300F24C3F /* OnMain.swift */ = {isa = PBXFileReference; lastKnownFileType = sourcecode.swift; path = OnMain.swift; sourceTree = "<group>"; };
		78BA9FB4298E380E00F24C3F /* Article.swift */ = {isa = PBXFileReference; lastKnownFileType = sourcecode.swift; path = Article.swift; sourceTree = "<group>"; };
		78BA9FBC298F52D900F24C3F /* StartViewController.swift */ = {isa = PBXFileReference; lastKnownFileType = sourcecode.swift; path = StartViewController.swift; sourceTree = "<group>"; };
		78BA9FC1298F54DB00F24C3F /* StartViewModel.swift */ = {isa = PBXFileReference; lastKnownFileType = sourcecode.swift; path = StartViewModel.swift; sourceTree = "<group>"; };
		78BA9FC3298F949F00F24C3F /* UserDefaults+extension.swift */ = {isa = PBXFileReference; lastKnownFileType = sourcecode.swift; path = "UserDefaults+extension.swift"; sourceTree = "<group>"; };
/* End PBXFileReference section */

/* Begin PBXFrameworksBuildPhase section */
		78BA9F65298DF3C500F24C3F /* Frameworks */ = {
			isa = PBXFrameworksBuildPhase;
			buildActionMask = 2147483647;
			files = (
			);
			runOnlyForDeploymentPostprocessing = 0;
		};
/* End PBXFrameworksBuildPhase section */

/* Begin PBXGroup section */
		78BA9F5F298DF3C400F24C3F = {
			isa = PBXGroup;
			children = (
				78BA9F6A298DF3C500F24C3F /* intro-lab-mdzom */,
				78BA9F69298DF3C500F24C3F /* Products */,
			);
			sourceTree = "<group>";
		};
		78BA9F69298DF3C500F24C3F /* Products */ = {
			isa = PBXGroup;
			children = (
				78BA9F68298DF3C500F24C3F /* intro-lab-mdzom.app */,
			);
			name = Products;
			sourceTree = "<group>";
		};
		78BA9F6A298DF3C500F24C3F /* intro-lab-mdzom */ = {
			isa = PBXGroup;
			children = (
				78BA9FB0298E276300F24C3F /* NetworkService.swift */,
				78BA9FC3298F949F00F24C3F /* UserDefaults+extension.swift */,
				78BA9FB2298E27B300F24C3F /* OnMain.swift */,
				78BA9F6B298DF3C500F24C3F /* AppDelegate.swift */,
				78BA9F6D298DF3C500F24C3F /* SceneDelegate.swift */,
				78BA9F7F298DF4D500F24C3F /* Builder */,
				78BA9FBE298F548D00F24C3F /* StartModule */,
				78BA9F82298DF5BF00F24C3F /* NewsListModule */,
				78BA9F83298DF60000F24C3F /* NewsDetailsModule */,
				78BA9F84298DF62E00F24C3F /* WebKitModule */,
				78BA9F74298DF3C500F24C3F /* Assets.xcassets */,
				78BA9F76298DF3C500F24C3F /* LaunchScreen.storyboard */,
				78BA9F79298DF3C500F24C3F /* Info.plist */,
			);
			path = "intro-lab-mdzom";
			sourceTree = "<group>";
		};
		78BA9F7F298DF4D500F24C3F /* Builder */ = {
			isa = PBXGroup;
			children = (
				78BA9F80298DF4F000F24C3F /* Builder.swift */,
				78BA9F9C298DFA6800F24C3F /* ModelBuilder.swift */,
			);
			path = Builder;
			sourceTree = "<group>";
		};
		78BA9F82298DF5BF00F24C3F /* NewsListModule */ = {
			isa = PBXGroup;
			children = (
				78BA9F8B298DF69100F24C3F /* Model */,
				78BA9F88298DF67500F24C3F /* View */,
				78BA9F85298DF65600F24C3F /* ViewModel */,
			);
			path = NewsListModule;
			sourceTree = "<group>";
		};
		78BA9F83298DF60000F24C3F /* NewsDetailsModule */ = {
			isa = PBXGroup;
			children = (
				78BA9F8D298DF6A600F24C3F /* Model */,
				78BA9F8A298DF68400F24C3F /* View */,
				78BA9F87298DF66400F24C3F /* ViewModel */,
			);
			path = NewsDetailsModule;
			sourceTree = "<group>";
		};
		78BA9F84298DF62E00F24C3F /* WebKitModule */ = {
			isa = PBXGroup;
			children = (
				78BA9F8C298DF69D00F24C3F /* Model */,
				78BA9F89298DF67D00F24C3F /* View */,
				78BA9F86298DF65D00F24C3F /* ViewModel */,
			);
			path = WebKitModule;
			sourceTree = "<group>";
		};
		78BA9F85298DF65600F24C3F /* ViewModel */ = {
			isa = PBXGroup;
			children = (
				78BA9FA4298E016F00F24C3F /* NewsListViewModel.swift */,
				78BA9FA6298E019B00F24C3F /* NewsListCellViewModel.swift */,
				78BA9F93298DF6F700F24C3F /* Protocols */,
			);
			path = ViewModel;
			sourceTree = "<group>";
		};
		78BA9F86298DF65D00F24C3F /* ViewModel */ = {
			isa = PBXGroup;
			children = (
				78BA9F92298DF6EF00F24C3F /* Protocols */,
			);
			path = ViewModel;
			sourceTree = "<group>";
		};
		78BA9F87298DF66400F24C3F /* ViewModel */ = {
			isa = PBXGroup;
			children = (
				78BA9FA8298E088800F24C3F /* NewsDetailsViewModel.swift */,
				78BA9F91298DF6E800F24C3F /* Protocols */,
			);
			path = ViewModel;
			sourceTree = "<group>";
		};
		78BA9F88298DF67500F24C3F /* View */ = {
			isa = PBXGroup;
			children = (
				78BA9F94298DF75C00F24C3F /* NewsListViewController.swift */,
				78BA9F96298DF78700F24C3F /* NewsListTableViewCell.swift */,
				78BA9F8E298DF6C100F24C3F /* Extensions */,
			);
			path = View;
			sourceTree = "<group>";
		};
		78BA9F89298DF67D00F24C3F /* View */ = {
			isa = PBXGroup;
			children = (
				78BA9F9A298DF7D400F24C3F /* WebKitViewController.swift */,
				78BA9F8F298DF6C700F24C3F /* Extensions */,
			);
			path = View;
			sourceTree = "<group>";
		};
		78BA9F8A298DF68400F24C3F /* View */ = {
			isa = PBXGroup;
			children = (
				78BA9F98298DF7B100F24C3F /* NewsDetailsViewController.swift */,
				78BA9F90298DF6D000F24C3F /* Extensions */,
			);
			path = View;
			sourceTree = "<group>";
		};
		78BA9F8B298DF69100F24C3F /* Model */ = {
			isa = PBXGroup;
			children = (
				78BA9F9E298DFD6F00F24C3F /* NewsModel.swift */,
				78BA9FB4298E380E00F24C3F /* Article.swift */,
			);
			path = Model;
			sourceTree = "<group>";
		};
		78BA9F8C298DF69D00F24C3F /* Model */ = {
			isa = PBXGroup;
			children = (
			);
			path = Model;
			sourceTree = "<group>";
		};
		78BA9F8D298DF6A600F24C3F /* Model */ = {
			isa = PBXGroup;
			children = (
			);
			path = Model;
			sourceTree = "<group>";
		};
		78BA9F8E298DF6C100F24C3F /* Extensions */ = {
			isa = PBXGroup;
			children = (
				78BA9FAC298E09E200F24C3F /* NewsListViewController+extension.swift */,
			);
			path = Extensions;
			sourceTree = "<group>";
		};
		78BA9F8F298DF6C700F24C3F /* Extensions */ = {
			isa = PBXGroup;
			children = (
			);
			path = Extensions;
			sourceTree = "<group>";
		};
		78BA9F90298DF6D000F24C3F /* Extensions */ = {
			isa = PBXGroup;
			children = (
			);
			path = Extensions;
			sourceTree = "<group>";
		};
		78BA9F91298DF6E800F24C3F /* Protocols */ = {
			isa = PBXGroup;
			children = (
				78BA9FAA298E08AB00F24C3F /* NewsDetailsViewModelProtocol.swift */,
			);
			path = Protocols;
			sourceTree = "<group>";
		};
		78BA9F92298DF6EF00F24C3F /* Protocols */ = {
			isa = PBXGroup;
			children = (
			);
			path = Protocols;
			sourceTree = "<group>";
		};
		78BA9F93298DF6F700F24C3F /* Protocols */ = {
			isa = PBXGroup;
			children = (
				78BA9FA0298DFFF700F24C3F /* NewsListViewModelProtocol.swift */,
				78BA9FA2298E000A00F24C3F /* NewsListCellViewModelProtocol.swift */,
			);
			path = Protocols;
			sourceTree = "<group>";
		};
		78BA9FBE298F548D00F24C3F /* StartModule */ = {
			isa = PBXGroup;
			children = (
				78BA9FC0298F54B400F24C3F /* ViewModel */,
				78BA9FBF298F549F00F24C3F /* View */,
			);
			path = StartModule;
			sourceTree = "<group>";
		};
		78BA9FBF298F549F00F24C3F /* View */ = {
			isa = PBXGroup;
			children = (
				78BA9FBC298F52D900F24C3F /* StartViewController.swift */,
			);
			path = View;
			sourceTree = "<group>";
		};
		78BA9FC0298F54B400F24C3F /* ViewModel */ = {
			isa = PBXGroup;
			children = (
				78BA9FC1298F54DB00F24C3F /* StartViewModel.swift */,
			);
			path = ViewModel;
			sourceTree = "<group>";
		};
/* End PBXGroup section */

/* Begin PBXNativeTarget section */
		78BA9F67298DF3C500F24C3F /* intro-lab-mdzom */ = {
			isa = PBXNativeTarget;
			buildConfigurationList = 78BA9F7C298DF3C500F24C3F /* Build configuration list for PBXNativeTarget "intro-lab-mdzom" */;
			buildPhases = (
				78BA9F64298DF3C500F24C3F /* Sources */,
				78BA9F65298DF3C500F24C3F /* Frameworks */,
				78BA9F66298DF3C500F24C3F /* Resources */,
			);
			buildRules = (
			);
			dependencies = (
			);
			name = "intro-lab-mdzom";
			productName = "intro-lab-mdzom";
			productReference = 78BA9F68298DF3C500F24C3F /* intro-lab-mdzom.app */;
			productType = "com.apple.product-type.application";
		};
/* End PBXNativeTarget section */

/* Begin PBXProject section */
		78BA9F60298DF3C400F24C3F /* Project object */ = {
			isa = PBXProject;
			attributes = {
				BuildIndependentTargetsInParallel = 1;
				LastSwiftUpdateCheck = 1420;
				LastUpgradeCheck = 1420;
				TargetAttributes = {
					78BA9F67298DF3C500F24C3F = {
						CreatedOnToolsVersion = 14.2;
					};
				};
			};
			buildConfigurationList = 78BA9F63298DF3C500F24C3F /* Build configuration list for PBXProject "intro-lab-mdzom" */;
			compatibilityVersion = "Xcode 14.0";
			developmentRegion = en;
			hasScannedForEncodings = 0;
			knownRegions = (
				en,
				Base,
			);
			mainGroup = 78BA9F5F298DF3C400F24C3F;
			productRefGroup = 78BA9F69298DF3C500F24C3F /* Products */;
			projectDirPath = "";
			projectRoot = "";
			targets = (
				78BA9F67298DF3C500F24C3F /* intro-lab-mdzom */,
			);
		};
/* End PBXProject section */

/* Begin PBXResourcesBuildPhase section */
		78BA9F66298DF3C500F24C3F /* Resources */ = {
			isa = PBXResourcesBuildPhase;
			buildActionMask = 2147483647;
			files = (
				78BA9F78298DF3C500F24C3F /* LaunchScreen.storyboard in Resources */,
				78BA9F75298DF3C500F24C3F /* Assets.xcassets in Resources */,
			);
			runOnlyForDeploymentPostprocessing = 0;
		};
/* End PBXResourcesBuildPhase section */

/* Begin PBXSourcesBuildPhase section */
		78BA9F64298DF3C500F24C3F /* Sources */ = {
			isa = PBXSourcesBuildPhase;
			buildActionMask = 2147483647;
			files = (
				78BA9F99298DF7B100F24C3F /* NewsDetailsViewController.swift in Sources */,
				78BA9FAD298E09E200F24C3F /* NewsListViewController+extension.swift in Sources */,
				78BA9FC4298F949F00F24C3F /* UserDefaults+extension.swift in Sources */,
				78BA9F6C298DF3C500F24C3F /* AppDelegate.swift in Sources */,
				78BA9FB3298E27B300F24C3F /* OnMain.swift in Sources */,
				78BA9F97298DF78700F24C3F /* NewsListTableViewCell.swift in Sources */,
				78BA9FA1298DFFF700F24C3F /* NewsListViewModelProtocol.swift in Sources */,
				78BA9FB1298E276300F24C3F /* NetworkService.swift in Sources */,
				78BA9FAB298E08AB00F24C3F /* NewsDetailsViewModelProtocol.swift in Sources */,
				78BA9FBD298F52D900F24C3F /* StartViewController.swift in Sources */,
				78BA9FA9298E088800F24C3F /* NewsDetailsViewModel.swift in Sources */,
				78BA9F9F298DFD6F00F24C3F /* NewsModel.swift in Sources */,
				78BA9F9B298DF7D400F24C3F /* WebKitViewController.swift in Sources */,
				78BA9FA3298E000A00F24C3F /* NewsListCellViewModelProtocol.swift in Sources */,
				78BA9F6E298DF3C500F24C3F /* SceneDelegate.swift in Sources */,
				78BA9F9D298DFA6800F24C3F /* ModelBuilder.swift in Sources */,
				78BA9FA7298E019B00F24C3F /* NewsListCellViewModel.swift in Sources */,
				78BA9F81298DF4F000F24C3F /* Builder.swift in Sources */,
				78BA9F95298DF75C00F24C3F /* NewsListViewController.swift in Sources */,
				78BA9FB5298E380E00F24C3F /* Article.swift in Sources */,
				78BA9FA5298E016F00F24C3F /* NewsListViewModel.swift in Sources */,
				78BA9FC2298F54DB00F24C3F /* StartViewModel.swift in Sources */,
			);
			runOnlyForDeploymentPostprocessing = 0;
		};
/* End PBXSourcesBuildPhase section */

/* Begin PBXVariantGroup section */
		78BA9F76298DF3C500F24C3F /* LaunchScreen.storyboard */ = {
			isa = PBXVariantGroup;
			children = (
				78BA9F77298DF3C500F24C3F /* Base */,
			);
			name = LaunchScreen.storyboard;
			sourceTree = "<group>";
		};
/* End PBXVariantGroup section */

/* Begin XCBuildConfiguration section */
		78BA9F7A298DF3C500F24C3F /* Debug */ = {
			isa = XCBuildConfiguration;
			buildSettings = {
				ALWAYS_SEARCH_USER_PATHS = NO;
				CLANG_ANALYZER_NONNULL = YES;
				CLANG_ANALYZER_NUMBER_OBJECT_CONVERSION = YES_AGGRESSIVE;
				CLANG_CXX_LANGUAGE_STANDARD = "gnu++20";
				CLANG_ENABLE_MODULES = YES;
				CLANG_ENABLE_OBJC_ARC = YES;
				CLANG_ENABLE_OBJC_WEAK = YES;
				CLANG_WARN_BLOCK_CAPTURE_AUTORELEASING = YES;
				CLANG_WARN_BOOL_CONVERSION = YES;
				CLANG_WARN_COMMA = YES;
				CLANG_WARN_CONSTANT_CONVERSION = YES;
				CLANG_WARN_DEPRECATED_OBJC_IMPLEMENTATIONS = YES;
				CLANG_WARN_DIRECT_OBJC_ISA_USAGE = YES_ERROR;
				CLANG_WARN_DOCUMENTATION_COMMENTS = YES;
				CLANG_WARN_EMPTY_BODY = YES;
				CLANG_WARN_ENUM_CONVERSION = YES;
				CLANG_WARN_INFINITE_RECURSION = YES;
				CLANG_WARN_INT_CONVERSION = YES;
				CLANG_WARN_NON_LITERAL_NULL_CONVERSION = YES;
				CLANG_WARN_OBJC_IMPLICIT_RETAIN_SELF = YES;
				CLANG_WARN_OBJC_LITERAL_CONVERSION = YES;
				CLANG_WARN_OBJC_ROOT_CLASS = YES_ERROR;
				CLANG_WARN_QUOTED_INCLUDE_IN_FRAMEWORK_HEADER = YES;
				CLANG_WARN_RANGE_LOOP_ANALYSIS = YES;
				CLANG_WARN_STRICT_PROTOTYPES = YES;
				CLANG_WARN_SUSPICIOUS_MOVE = YES;
				CLANG_WARN_UNGUARDED_AVAILABILITY = YES_AGGRESSIVE;
				CLANG_WARN_UNREACHABLE_CODE = YES;
				CLANG_WARN__DUPLICATE_METHOD_MATCH = YES;
				COPY_PHASE_STRIP = NO;
				DEBUG_INFORMATION_FORMAT = dwarf;
				ENABLE_STRICT_OBJC_MSGSEND = YES;
				ENABLE_TESTABILITY = YES;
				GCC_C_LANGUAGE_STANDARD = gnu11;
				GCC_DYNAMIC_NO_PIC = NO;
				GCC_NO_COMMON_BLOCKS = YES;
				GCC_OPTIMIZATION_LEVEL = 0;
				GCC_PREPROCESSOR_DEFINITIONS = (
					"DEBUG=1",
					"$(inherited)",
				);
				GCC_WARN_64_TO_32_BIT_CONVERSION = YES;
				GCC_WARN_ABOUT_RETURN_TYPE = YES_ERROR;
				GCC_WARN_UNDECLARED_SELECTOR = YES;
				GCC_WARN_UNINITIALIZED_AUTOS = YES_AGGRESSIVE;
				GCC_WARN_UNUSED_FUNCTION = YES;
				GCC_WARN_UNUSED_VARIABLE = YES;
				IPHONEOS_DEPLOYMENT_TARGET = 14.0;
				MTL_ENABLE_DEBUG_INFO = INCLUDE_SOURCE;
				MTL_FAST_MATH = YES;
				ONLY_ACTIVE_ARCH = YES;
				SDKROOT = iphoneos;
				SWIFT_ACTIVE_COMPILATION_CONDITIONS = DEBUG;
				SWIFT_OPTIMIZATION_LEVEL = "-Onone";
			};
			name = Debug;
		};
		78BA9F7B298DF3C500F24C3F /* Release */ = {
			isa = XCBuildConfiguration;
			buildSettings = {
				ALWAYS_SEARCH_USER_PATHS = NO;
				CLANG_ANALYZER_NONNULL = YES;
				CLANG_ANALYZER_NUMBER_OBJECT_CONVERSION = YES_AGGRESSIVE;
				CLANG_CXX_LANGUAGE_STANDARD = "gnu++20";
				CLANG_ENABLE_MODULES = YES;
				CLANG_ENABLE_OBJC_ARC = YES;
				CLANG_ENABLE_OBJC_WEAK = YES;
				CLANG_WARN_BLOCK_CAPTURE_AUTORELEASING = YES;
				CLANG_WARN_BOOL_CONVERSION = YES;
				CLANG_WARN_COMMA = YES;
				CLANG_WARN_CONSTANT_CONVERSION = YES;
				CLANG_WARN_DEPRECATED_OBJC_IMPLEMENTATIONS = YES;
				CLANG_WARN_DIRECT_OBJC_ISA_USAGE = YES_ERROR;
				CLANG_WARN_DOCUMENTATION_COMMENTS = YES;
				CLANG_WARN_EMPTY_BODY = YES;
				CLANG_WARN_ENUM_CONVERSION = YES;
				CLANG_WARN_INFINITE_RECURSION = YES;
				CLANG_WARN_INT_CONVERSION = YES;
				CLANG_WARN_NON_LITERAL_NULL_CONVERSION = YES;
				CLANG_WARN_OBJC_IMPLICIT_RETAIN_SELF = YES;
				CLANG_WARN_OBJC_LITERAL_CONVERSION = YES;
				CLANG_WARN_OBJC_ROOT_CLASS = YES_ERROR;
				CLANG_WARN_QUOTED_INCLUDE_IN_FRAMEWORK_HEADER = YES;
				CLANG_WARN_RANGE_LOOP_ANALYSIS = YES;
				CLANG_WARN_STRICT_PROTOTYPES = YES;
				CLANG_WARN_SUSPICIOUS_MOVE = YES;
				CLANG_WARN_UNGUARDED_AVAILABILITY = YES_AGGRESSIVE;
				CLANG_WARN_UNREACHABLE_CODE = YES;
				CLANG_WARN__DUPLICATE_METHOD_MATCH = YES;
				COPY_PHASE_STRIP = NO;
				DEBUG_INFORMATION_FORMAT = "dwarf-with-dsym";
				ENABLE_NS_ASSERTIONS = NO;
				ENABLE_STRICT_OBJC_MSGSEND = YES;
				GCC_C_LANGUAGE_STANDARD = gnu11;
				GCC_NO_COMMON_BLOCKS = YES;
				GCC_WARN_64_TO_32_BIT_CONVERSION = YES;
				GCC_WARN_ABOUT_RETURN_TYPE = YES_ERROR;
				GCC_WARN_UNDECLARED_SELECTOR = YES;
				GCC_WARN_UNINITIALIZED_AUTOS = YES_AGGRESSIVE;
				GCC_WARN_UNUSED_FUNCTION = YES;
				GCC_WARN_UNUSED_VARIABLE = YES;
				IPHONEOS_DEPLOYMENT_TARGET = 14.0;
				MTL_ENABLE_DEBUG_INFO = NO;
				MTL_FAST_MATH = YES;
				SDKROOT = iphoneos;
				SWIFT_COMPILATION_MODE = wholemodule;
				SWIFT_OPTIMIZATION_LEVEL = "-O";
				VALIDATE_PRODUCT = YES;
			};
			name = Release;
		};
		78BA9F7D298DF3C500F24C3F /* Debug */ = {
			isa = XCBuildConfiguration;
			buildSettings = {
				ASSETCATALOG_COMPILER_APPICON_NAME = AppIcon;
				ASSETCATALOG_COMPILER_GLOBAL_ACCENT_COLOR_NAME = AccentColor;
				CODE_SIGN_STYLE = Automatic;
				CURRENT_PROJECT_VERSION = 1;
				DEVELOPMENT_TEAM = W5HU6K6SBC;
				GENERATE_INFOPLIST_FILE = YES;
				INFOPLIST_FILE = "intro-lab-mdzom/Info.plist";
				INFOPLIST_KEY_UIApplicationSupportsIndirectInputEvents = YES;
				INFOPLIST_KEY_UILaunchStoryboardName = LaunchScreen;
				INFOPLIST_KEY_UISupportedInterfaceOrientations = UIInterfaceOrientationPortrait;
				INFOPLIST_KEY_UISupportedInterfaceOrientations_iPad = "UIInterfaceOrientationLandscapeLeft UIInterfaceOrientationLandscapeRight UIInterfaceOrientationPortrait UIInterfaceOrientationPortraitUpsideDown";
				IPHONEOS_DEPLOYMENT_TARGET = 14.0;
				LD_RUNPATH_SEARCH_PATHS = (
					"$(inherited)",
					"@executable_path/Frameworks",
				);
				MARKETING_VERSION = 1.0;
				PRODUCT_BUNDLE_IDENTIFIER = "madzom.intro-lab-mdzom";
				PRODUCT_NAME = "$(TARGET_NAME)";
				SUPPORTED_PLATFORMS = "iphoneos iphonesimulator";
				SUPPORTS_MACCATALYST = NO;
				SUPPORTS_MAC_DESIGNED_FOR_IPHONE_IPAD = NO;
				SWIFT_EMIT_LOC_STRINGS = YES;
				SWIFT_VERSION = 5.0;
				TARGETED_DEVICE_FAMILY = 1;
			};
			name = Debug;
		};
		78BA9F7E298DF3C500F24C3F /* Release */ = {
			isa = XCBuildConfiguration;
			buildSettings = {
				ASSETCATALOG_COMPILER_APPICON_NAME = AppIcon;
				ASSETCATALOG_COMPILER_GLOBAL_ACCENT_COLOR_NAME = AccentColor;
				CODE_SIGN_STYLE = Automatic;
				CURRENT_PROJECT_VERSION = 1;
				DEVELOPMENT_TEAM = W5HU6K6SBC;
				GENERATE_INFOPLIST_FILE = YES;
				INFOPLIST_FILE = "intro-lab-mdzom/Info.plist";
				INFOPLIST_KEY_UIApplicationSupportsIndirectInputEvents = YES;
				INFOPLIST_KEY_UILaunchStoryboardName = LaunchScreen;
				INFOPLIST_KEY_UISupportedInterfaceOrientations = UIInterfaceOrientationPortrait;
				INFOPLIST_KEY_UISupportedInterfaceOrientations_iPad = "UIInterfaceOrientationLandscapeLeft UIInterfaceOrientationLandscapeRight UIInterfaceOrientationPortrait UIInterfaceOrientationPortraitUpsideDown";
				IPHONEOS_DEPLOYMENT_TARGET = 14.0;
				LD_RUNPATH_SEARCH_PATHS = (
					"$(inherited)",
					"@executable_path/Frameworks",
				);
				MARKETING_VERSION = 1.0;
				PRODUCT_BUNDLE_IDENTIFIER = "madzom.intro-lab-mdzom";
				PRODUCT_NAME = "$(TARGET_NAME)";
				SUPPORTED_PLATFORMS = "iphoneos iphonesimulator";
				SUPPORTS_MACCATALYST = NO;
				SUPPORTS_MAC_DESIGNED_FOR_IPHONE_IPAD = NO;
				SWIFT_EMIT_LOC_STRINGS = YES;
				SWIFT_VERSION = 5.0;
				TARGETED_DEVICE_FAMILY = 1;
			};
			name = Release;
		};
/* End XCBuildConfiguration section */

/* Begin XCConfigurationList section */
		78BA9F63298DF3C500F24C3F /* Build configuration list for PBXProject "intro-lab-mdzom" */ = {
			isa = XCConfigurationList;
			buildConfigurations = (
				78BA9F7A298DF3C500F24C3F /* Debug */,
				78BA9F7B298DF3C500F24C3F /* Release */,
			);
			defaultConfigurationIsVisible = 0;
			defaultConfigurationName = Release;
		};
		78BA9F7C298DF3C500F24C3F /* Build configuration list for PBXNativeTarget "intro-lab-mdzom" */ = {
			isa = XCConfigurationList;
			buildConfigurations = (
				78BA9F7D298DF3C500F24C3F /* Debug */,
				78BA9F7E298DF3C500F24C3F /* Release */,
			);
			defaultConfigurationIsVisible = 0;
			defaultConfigurationName = Release;
		};
/* End XCConfigurationList section */
	};
	rootObject = 78BA9F60298DF3C400F24C3F /* Project object */;
}
